// !$*UTF8*$!
{
	archiveVersion = 1;
	classes = {
	};
	objectVersion = 51;
	objects = {

/* Begin PBXBuildFile section */
		27BD6584E85B34ED9777BB28 /* Pods_MARU.framework in Frameworks */ = {isa = PBXBuildFile; fileRef = 4A0283DFAEC1206D9D288E29 /* Pods_MARU.framework */; };
		7732D12024F2F546003C772D /* QuizVC.storyboard in Resources */ = {isa = PBXBuildFile; fileRef = 7732D11F24F2F546003C772D /* QuizVC.storyboard */; };
		7732D12224F2F60F003C772D /* QuizVC + Constraints.swift in Sources */ = {isa = PBXBuildFile; fileRef = 7732D12124F2F60F003C772D /* QuizVC + Constraints.swift */; };
		77598B3D24F8072B0095DA5D /* NetworkResult.swift in Sources */ = {isa = PBXBuildFile; fileRef = 77598B3C24F8072B0095DA5D /* NetworkResult.swift */; };
		77FAE03E24F53F6000FB473C /* HeaderVC.swift in Sources */ = {isa = PBXBuildFile; fileRef = 77FAE03C24F53F6000FB473C /* HeaderVC.swift */; };
		77FAE03F24F53F6000FB473C /* HeaderVC.xib in Resources */ = {isa = PBXBuildFile; fileRef = 77FAE03D24F53F6000FB473C /* HeaderVC.xib */; };
		77FAE04124F54B0000FB473C /* HeaderVC + Constraints.swift in Sources */ = {isa = PBXBuildFile; fileRef = 77FAE04024F54B0000FB473C /* HeaderVC + Constraints.swift */; };
		77FB7D3E24ED990300365E8C /* MainVC + Constraints.swift in Sources */ = {isa = PBXBuildFile; fileRef = 77FB7D3D24ED990200365E8C /* MainVC + Constraints.swift */; };
		77FB7D4224ED99BF00365E8C /* PopularMeetingCVC.swift in Sources */ = {isa = PBXBuildFile; fileRef = 77FB7D4024ED99BF00365E8C /* PopularMeetingCVC.swift */; };
		77FB7D4324ED99BF00365E8C /* PopularMeetingCVC.xib in Resources */ = {isa = PBXBuildFile; fileRef = 77FB7D4124ED99BF00365E8C /* PopularMeetingCVC.xib */; };
		77FB7D4624ED99DF00365E8C /* NewMeetingCVC.swift in Sources */ = {isa = PBXBuildFile; fileRef = 77FB7D4424ED99DF00365E8C /* NewMeetingCVC.swift */; };
		77FB7D4724ED99DF00365E8C /* NewMeetingCVC.xib in Resources */ = {isa = PBXBuildFile; fileRef = 77FB7D4524ED99DF00365E8C /* NewMeetingCVC.xib */; };
		7F2778B224F4484100599279 /* UpCarouselFlowLayout.swift in Sources */ = {isa = PBXBuildFile; fileRef = 7F2778B124F4484100599279 /* UpCarouselFlowLayout.swift */; };
		7FFA711224ED8A33000C1D33 /* MoimCVCell.swift in Sources */ = {isa = PBXBuildFile; fileRef = 7FFA711124ED8A33000C1D33 /* MoimCVCell.swift */; };
		D11D51EF24E599D200683870 /* Tabbar.storyboard in Resources */ = {isa = PBXBuildFile; fileRef = D11D51EE24E599D200683870 /* Tabbar.storyboard */; };
		D11D51F124E599DD00683870 /* Chat.storyboard in Resources */ = {isa = PBXBuildFile; fileRef = D11D51F024E599DD00683870 /* Chat.storyboard */; };
		D11D51F324E599E700683870 /* Moim.storyboard in Resources */ = {isa = PBXBuildFile; fileRef = D11D51F224E599E700683870 /* Moim.storyboard */; };
		D11D51F724E599F600683870 /* Search.storyboard in Resources */ = {isa = PBXBuildFile; fileRef = D11D51F624E599F600683870 /* Search.storyboard */; };
		D11D51F924E599FE00683870 /* Profile.storyboard in Resources */ = {isa = PBXBuildFile; fileRef = D11D51F824E599FE00683870 /* Profile.storyboard */; };
		D11D51FB24E59A0700683870 /* Splash.storyboard in Resources */ = {isa = PBXBuildFile; fileRef = D11D51FA24E59A0700683870 /* Splash.storyboard */; };
		D11D520024E59A3700683870 /* SplashVC.swift in Sources */ = {isa = PBXBuildFile; fileRef = D11D51FF24E59A3700683870 /* SplashVC.swift */; };
		D11D520424E59A5F00683870 /* ProfileVC.swift in Sources */ = {isa = PBXBuildFile; fileRef = D11D520324E59A5F00683870 /* ProfileVC.swift */; };
		D11D520824E59A7800683870 /* QuizVC.swift in Sources */ = {isa = PBXBuildFile; fileRef = D11D520724E59A7800683870 /* QuizVC.swift */; };
		D11D520C24E59A9500683870 /* MoimVC.swift in Sources */ = {isa = PBXBuildFile; fileRef = D11D520B24E59A9500683870 /* MoimVC.swift */; };
		D11D521024E59AB000683870 /* ChatVC.swift in Sources */ = {isa = PBXBuildFile; fileRef = D11D520F24E59AB000683870 /* ChatVC.swift */; };
		D11D521724E59B5000683870 /* Login.storyboard in Resources */ = {isa = PBXBuildFile; fileRef = D11D521624E59B5000683870 /* Login.storyboard */; };
		D11D521924E59B6000683870 /* LoginVC.swift in Sources */ = {isa = PBXBuildFile; fileRef = D11D521824E59B6000683870 /* LoginVC.swift */; };
		D11D521C24E59CBB00683870 /* Tabbar.swift in Sources */ = {isa = PBXBuildFile; fileRef = D11D521B24E59CBB00683870 /* Tabbar.swift */; };
		D13A8F4424E596E700BB1656 /* AppDelegate.swift in Sources */ = {isa = PBXBuildFile; fileRef = D13A8F4324E596E700BB1656 /* AppDelegate.swift */; };
		D13A8F4624E596E700BB1656 /* SceneDelegate.swift in Sources */ = {isa = PBXBuildFile; fileRef = D13A8F4524E596E700BB1656 /* SceneDelegate.swift */; };
		D13A8F4824E596E700BB1656 /* MainVC.swift in Sources */ = {isa = PBXBuildFile; fileRef = D13A8F4724E596E700BB1656 /* MainVC.swift */; };
		D13A8F4B24E596E700BB1656 /* Main.storyboard in Resources */ = {isa = PBXBuildFile; fileRef = D13A8F4924E596E700BB1656 /* Main.storyboard */; };
		D13A8F4E24E596E700BB1656 /* MARU.xcdatamodeld in Sources */ = {isa = PBXBuildFile; fileRef = D13A8F4C24E596E700BB1656 /* MARU.xcdatamodeld */; };
		D13A8F5024E596F900BB1656 /* Assets.xcassets in Resources */ = {isa = PBXBuildFile; fileRef = D13A8F4F24E596F900BB1656 /* Assets.xcassets */; };
		D13A8F5324E596F900BB1656 /* LaunchScreen.storyboard in Resources */ = {isa = PBXBuildFile; fileRef = D13A8F5124E596F900BB1656 /* LaunchScreen.storyboard */; };
		D13A8F6624E5990400BB1656 /* APIConstants.swift in Sources */ = {isa = PBXBuildFile; fileRef = D13A8F6524E5990400BB1656 /* APIConstants.swift */; };
		D13A8F6824E5990D00BB1656 /* Utils.swift in Sources */ = {isa = PBXBuildFile; fileRef = D13A8F6724E5990D00BB1656 /* Utils.swift */; };
		D13A8F6A24E5991700BB1656 /* ResponseResult.swift in Sources */ = {isa = PBXBuildFile; fileRef = D13A8F6924E5991700BB1656 /* ResponseResult.swift */; };
		D13A8F6E24E5992800BB1656 /* Enums.swift in Sources */ = {isa = PBXBuildFile; fileRef = D13A8F6D24E5992800BB1656 /* Enums.swift */; };
		D13D626F24E82EF600A3A4A1 /* ChatCVCell.swift in Sources */ = {isa = PBXBuildFile; fileRef = D13D626E24E82EF600A3A4A1 /* ChatCVCell.swift */; };
		D13D627124E82F9C00A3A4A1 /* Identifier.swift in Sources */ = {isa = PBXBuildFile; fileRef = D13D627024E82F9C00A3A4A1 /* Identifier.swift */; };
		D13D627324E8316100A3A4A1 /* Font.swift in Sources */ = {isa = PBXBuildFile; fileRef = D13D627224E8316100A3A4A1 /* Font.swift */; };
		D13D627524E83A2D00A3A4A1 /* UIViewController+Extension.swift in Sources */ = {isa = PBXBuildFile; fileRef = D13D627424E83A2D00A3A4A1 /* UIViewController+Extension.swift */; };
		D13D627724E83A4200A3A4A1 /* UITextView+Extension.swift in Sources */ = {isa = PBXBuildFile; fileRef = D13D627624E83A4200A3A4A1 /* UITextView+Extension.swift */; };
		D13D627924E83A5100A3A4A1 /* UIButton+Extension.swift in Sources */ = {isa = PBXBuildFile; fileRef = D13D627824E83A5100A3A4A1 /* UIButton+Extension.swift */; };
		D13D627B24E83A6100A3A4A1 /* UIView+Extension.swift in Sources */ = {isa = PBXBuildFile; fileRef = D13D627A24E83A6100A3A4A1 /* UIView+Extension.swift */; };
		D13D627D24E83A7700A3A4A1 /* Date+Extension.swift in Sources */ = {isa = PBXBuildFile; fileRef = D13D627C24E83A7700A3A4A1 /* Date+Extension.swift */; };
		D13D627F24E83A8500A3A4A1 /* UITableView+Extension.swift in Sources */ = {isa = PBXBuildFile; fileRef = D13D627E24E83A8500A3A4A1 /* UITableView+Extension.swift */; };
		D13D628124E83A9A00A3A4A1 /* String+Extension.swift in Sources */ = {isa = PBXBuildFile; fileRef = D13D628024E83A9A00A3A4A1 /* String+Extension.swift */; };
		D13D628324E83AB300A3A4A1 /* UITabbar+Extension.swift in Sources */ = {isa = PBXBuildFile; fileRef = D13D628224E83AB300A3A4A1 /* UITabbar+Extension.swift */; };
		D13D628524E8403700A3A4A1 /* UIColor+Extension.swift in Sources */ = {isa = PBXBuildFile; fileRef = D13D628424E8403700A3A4A1 /* UIColor+Extension.swift */; };
		D16EEE4124EBF8C000D0994F /* Spinner.swift in Sources */ = {isa = PBXBuildFile; fileRef = D16EEE4024EBF8C000D0994F /* Spinner.swift */; };
		D16EEE4324EBF93B00D0994F /* chat.json in Resources */ = {isa = PBXBuildFile; fileRef = D16EEE4224EBF93B00D0994F /* chat.json */; };
		D16EEE4524EBFB0800D0994F /* MyChatCVCell.swift in Sources */ = {isa = PBXBuildFile; fileRef = D16EEE4424EBFB0800D0994F /* MyChatCVCell.swift */; };
		D174F1A224EC5DCE0095DEB6 /* SearchResultTVCell.swift in Sources */ = {isa = PBXBuildFile; fileRef = D174F1A124EC5DCE0095DEB6 /* SearchResultTVCell.swift */; };
		D1AD279024EC5E2A00B32D32 /* SearchResultTVCell.xib in Resources */ = {isa = PBXBuildFile; fileRef = D1AD278F24EC5E2A00B32D32 /* SearchResultTVCell.xib */; };
		D1AD279324EC5E6200B32D32 /* SearchEntryMoimVC.swift in Sources */ = {isa = PBXBuildFile; fileRef = D1AD279224EC5E6200B32D32 /* SearchEntryMoimVC.swift */; };
		D1AD279524EC5E7A00B32D32 /* SearchNavVC.swift in Sources */ = {isa = PBXBuildFile; fileRef = D1AD279424EC5E7A00B32D32 /* SearchNavVC.swift */; };
		D1AD279724EC5E8000B32D32 /* SearchResultVC.swift in Sources */ = {isa = PBXBuildFile; fileRef = D1AD279624EC5E8000B32D32 /* SearchResultVC.swift */; };
		D1AD279924EC5E8800B32D32 /* SearchVC.swift in Sources */ = {isa = PBXBuildFile; fileRef = D1AD279824EC5E8800B32D32 /* SearchVC.swift */; };
		D1C7D53E24F0D7A400C097F8 /* SignUpVC.swift in Sources */ = {isa = PBXBuildFile; fileRef = D1C7D53D24F0D7A400C097F8 /* SignUpVC.swift */; };
		D1E4D92524FA94E000732DB7 /* PreviewView.swift in Sources */ = {isa = PBXBuildFile; fileRef = D1E4D92424FA94E000732DB7 /* PreviewView.swift */; };
		D1E4D92724FA94FE00732DB7 /* ProfileView.swift in Sources */ = {isa = PBXBuildFile; fileRef = D1E4D92624FA94FD00732DB7 /* ProfileView.swift */; };
		D1E4D92A24FA9D8700732DB7 /* ProfileTVCell.swift in Sources */ = {isa = PBXBuildFile; fileRef = D1E4D92924FA9D8700732DB7 /* ProfileTVCell.swift */; };
		F25006EF24F3CA43001F6D3D /* ResultVC.swift in Sources */ = {isa = PBXBuildFile; fileRef = F25006EE24F3CA43001F6D3D /* ResultVC.swift */; };
		F25006F424F3DBA0001F6D3D /* ResultTVCell.swift in Sources */ = {isa = PBXBuildFile; fileRef = F25006F224F3DBA0001F6D3D /* ResultTVCell.swift */; };
		F25006F524F3DBA0001F6D3D /* ResultTVCell.xib in Resources */ = {isa = PBXBuildFile; fileRef = F25006F324F3DBA0001F6D3D /* ResultTVCell.xib */; };
		F25006F824F3DBB2001F6D3D /* RecentTVCell.swift in Sources */ = {isa = PBXBuildFile; fileRef = F25006F624F3DBB2001F6D3D /* RecentTVCell.swift */; };
		F25006F924F3DBB2001F6D3D /* RecentTVCell.xib in Resources */ = {isa = PBXBuildFile; fileRef = F25006F724F3DBB2001F6D3D /* RecentTVCell.xib */; };
		F25006FB24F3E4F8001F6D3D /* RecentVC.swift in Sources */ = {isa = PBXBuildFile; fileRef = F25006FA24F3E4F8001F6D3D /* RecentVC.swift */; };
		F271710724EFC5FE00FDAB01 /* SearchTVCell.swift in Sources */ = {isa = PBXBuildFile; fileRef = F271710524EFC5FE00FDAB01 /* SearchTVCell.swift */; };
		F271710824EFC5FE00FDAB01 /* SearchTVCell.xib in Resources */ = {isa = PBXBuildFile; fileRef = F271710624EFC5FE00FDAB01 /* SearchTVCell.xib */; };
		F271710B24F0157300FDAB01 /* Create.storyboard in Resources */ = {isa = PBXBuildFile; fileRef = F271710A24F0157300FDAB01 /* Create.storyboard */; };
		F271710D24F0158200FDAB01 /* CreateVC.swift in Sources */ = {isa = PBXBuildFile; fileRef = F271710C24F0158200FDAB01 /* CreateVC.swift */; };
		F2B9A1FC24F01AE00069D1D4 /* CreateTVCell.swift in Sources */ = {isa = PBXBuildFile; fileRef = F2B9A1FA24F01AE00069D1D4 /* CreateTVCell.swift */; };
		F2B9A1FD24F01AE00069D1D4 /* CreateTVCell.xib in Resources */ = {isa = PBXBuildFile; fileRef = F2B9A1FB24F01AE00069D1D4 /* CreateTVCell.xib */; };
/* End PBXBuildFile section */

/* Begin PBXFileReference section */
		4A0283DFAEC1206D9D288E29 /* Pods_MARU.framework */ = {isa = PBXFileReference; explicitFileType = wrapper.framework; includeInIndex = 0; path = Pods_MARU.framework; sourceTree = BUILT_PRODUCTS_DIR; };
		7732D11F24F2F546003C772D /* QuizVC.storyboard */ = {isa = PBXFileReference; lastKnownFileType = file.storyboard; path = QuizVC.storyboard; sourceTree = "<group>"; };
		7732D12124F2F60F003C772D /* QuizVC + Constraints.swift */ = {isa = PBXFileReference; fileEncoding = 4; lastKnownFileType = sourcecode.swift; path = "QuizVC + Constraints.swift"; sourceTree = "<group>"; };
		77598B3C24F8072B0095DA5D /* NetworkResult.swift */ = {isa = PBXFileReference; lastKnownFileType = sourcecode.swift; path = NetworkResult.swift; sourceTree = "<group>"; };
		77FAE03C24F53F6000FB473C /* HeaderVC.swift */ = {isa = PBXFileReference; lastKnownFileType = sourcecode.swift; path = HeaderVC.swift; sourceTree = "<group>"; };
		77FAE03D24F53F6000FB473C /* HeaderVC.xib */ = {isa = PBXFileReference; lastKnownFileType = file.xib; path = HeaderVC.xib; sourceTree = "<group>"; };
		77FAE04024F54B0000FB473C /* HeaderVC + Constraints.swift */ = {isa = PBXFileReference; lastKnownFileType = sourcecode.swift; path = "HeaderVC + Constraints.swift"; sourceTree = "<group>"; };
		77FB7D3D24ED990200365E8C /* MainVC + Constraints.swift */ = {isa = PBXFileReference; lastKnownFileType = sourcecode.swift; path = "MainVC + Constraints.swift"; sourceTree = "<group>"; };
		77FB7D4024ED99BF00365E8C /* PopularMeetingCVC.swift */ = {isa = PBXFileReference; lastKnownFileType = sourcecode.swift; path = PopularMeetingCVC.swift; sourceTree = "<group>"; };
		77FB7D4124ED99BF00365E8C /* PopularMeetingCVC.xib */ = {isa = PBXFileReference; lastKnownFileType = file.xib; path = PopularMeetingCVC.xib; sourceTree = "<group>"; };
		77FB7D4424ED99DF00365E8C /* NewMeetingCVC.swift */ = {isa = PBXFileReference; lastKnownFileType = sourcecode.swift; path = NewMeetingCVC.swift; sourceTree = "<group>"; };
		77FB7D4524ED99DF00365E8C /* NewMeetingCVC.xib */ = {isa = PBXFileReference; lastKnownFileType = file.xib; path = NewMeetingCVC.xib; sourceTree = "<group>"; };
		7F2778B124F4484100599279 /* UpCarouselFlowLayout.swift */ = {isa = PBXFileReference; lastKnownFileType = sourcecode.swift; path = UpCarouselFlowLayout.swift; sourceTree = "<group>"; };
		7FFA711124ED8A33000C1D33 /* MoimCVCell.swift */ = {isa = PBXFileReference; lastKnownFileType = sourcecode.swift; path = MoimCVCell.swift; sourceTree = "<group>"; };
		A896AA83EDD3C4B54136B9BD /* Pods-MARU.release.xcconfig */ = {isa = PBXFileReference; includeInIndex = 1; lastKnownFileType = text.xcconfig; name = "Pods-MARU.release.xcconfig"; path = "Target Support Files/Pods-MARU/Pods-MARU.release.xcconfig"; sourceTree = "<group>"; };
		B9ABED26B94D4A6683BD7F85 /* Pods-MARU.debug.xcconfig */ = {isa = PBXFileReference; includeInIndex = 1; lastKnownFileType = text.xcconfig; name = "Pods-MARU.debug.xcconfig"; path = "Target Support Files/Pods-MARU/Pods-MARU.debug.xcconfig"; sourceTree = "<group>"; };
		D11D51EE24E599D200683870 /* Tabbar.storyboard */ = {isa = PBXFileReference; lastKnownFileType = file.storyboard; path = Tabbar.storyboard; sourceTree = "<group>"; };
		D11D51F024E599DD00683870 /* Chat.storyboard */ = {isa = PBXFileReference; lastKnownFileType = file.storyboard; path = Chat.storyboard; sourceTree = "<group>"; };
		D11D51F224E599E700683870 /* Moim.storyboard */ = {isa = PBXFileReference; lastKnownFileType = file.storyboard; path = Moim.storyboard; sourceTree = "<group>"; };
		D11D51F624E599F600683870 /* Search.storyboard */ = {isa = PBXFileReference; lastKnownFileType = file.storyboard; path = Search.storyboard; sourceTree = "<group>"; };
		D11D51F824E599FE00683870 /* Profile.storyboard */ = {isa = PBXFileReference; lastKnownFileType = file.storyboard; path = Profile.storyboard; sourceTree = "<group>"; };
		D11D51FA24E59A0700683870 /* Splash.storyboard */ = {isa = PBXFileReference; lastKnownFileType = file.storyboard; path = Splash.storyboard; sourceTree = "<group>"; };
		D11D51FF24E59A3700683870 /* SplashVC.swift */ = {isa = PBXFileReference; lastKnownFileType = sourcecode.swift; path = SplashVC.swift; sourceTree = "<group>"; };
		D11D520324E59A5F00683870 /* ProfileVC.swift */ = {isa = PBXFileReference; lastKnownFileType = sourcecode.swift; path = ProfileVC.swift; sourceTree = "<group>"; };
		D11D520724E59A7800683870 /* QuizVC.swift */ = {isa = PBXFileReference; lastKnownFileType = sourcecode.swift; path = QuizVC.swift; sourceTree = "<group>"; };
		D11D520B24E59A9500683870 /* MoimVC.swift */ = {isa = PBXFileReference; lastKnownFileType = sourcecode.swift; path = MoimVC.swift; sourceTree = "<group>"; };
		D11D520F24E59AB000683870 /* ChatVC.swift */ = {isa = PBXFileReference; lastKnownFileType = sourcecode.swift; path = ChatVC.swift; sourceTree = "<group>"; };
		D11D521624E59B5000683870 /* Login.storyboard */ = {isa = PBXFileReference; lastKnownFileType = file.storyboard; path = Login.storyboard; sourceTree = "<group>"; };
		D11D521824E59B6000683870 /* LoginVC.swift */ = {isa = PBXFileReference; lastKnownFileType = sourcecode.swift; path = LoginVC.swift; sourceTree = "<group>"; };
		D11D521B24E59CBB00683870 /* Tabbar.swift */ = {isa = PBXFileReference; lastKnownFileType = sourcecode.swift; path = Tabbar.swift; sourceTree = "<group>"; };
		D13A8F4024E596E700BB1656 /* MARU.app */ = {isa = PBXFileReference; explicitFileType = wrapper.application; includeInIndex = 0; path = MARU.app; sourceTree = BUILT_PRODUCTS_DIR; };
		D13A8F4324E596E700BB1656 /* AppDelegate.swift */ = {isa = PBXFileReference; lastKnownFileType = sourcecode.swift; path = AppDelegate.swift; sourceTree = "<group>"; };
		D13A8F4524E596E700BB1656 /* SceneDelegate.swift */ = {isa = PBXFileReference; lastKnownFileType = sourcecode.swift; path = SceneDelegate.swift; sourceTree = "<group>"; };
		D13A8F4724E596E700BB1656 /* MainVC.swift */ = {isa = PBXFileReference; lastKnownFileType = sourcecode.swift; path = MainVC.swift; sourceTree = "<group>"; };
		D13A8F4A24E596E700BB1656 /* Base */ = {isa = PBXFileReference; lastKnownFileType = file.storyboard; name = Base; path = Base.lproj/Main.storyboard; sourceTree = "<group>"; };
		D13A8F4D24E596E700BB1656 /* MARU.xcdatamodel */ = {isa = PBXFileReference; lastKnownFileType = wrapper.xcdatamodel; path = MARU.xcdatamodel; sourceTree = "<group>"; };
		D13A8F4F24E596F900BB1656 /* Assets.xcassets */ = {isa = PBXFileReference; lastKnownFileType = folder.assetcatalog; path = Assets.xcassets; sourceTree = "<group>"; };
		D13A8F5224E596F900BB1656 /* Base */ = {isa = PBXFileReference; lastKnownFileType = file.storyboard; name = Base; path = Base.lproj/LaunchScreen.storyboard; sourceTree = "<group>"; };
		D13A8F5424E596F900BB1656 /* Info.plist */ = {isa = PBXFileReference; lastKnownFileType = text.plist.xml; path = Info.plist; sourceTree = "<group>"; };
		D13A8F6524E5990400BB1656 /* APIConstants.swift */ = {isa = PBXFileReference; lastKnownFileType = sourcecode.swift; path = APIConstants.swift; sourceTree = "<group>"; };
		D13A8F6724E5990D00BB1656 /* Utils.swift */ = {isa = PBXFileReference; lastKnownFileType = sourcecode.swift; path = Utils.swift; sourceTree = "<group>"; };
		D13A8F6924E5991700BB1656 /* ResponseResult.swift */ = {isa = PBXFileReference; lastKnownFileType = sourcecode.swift; path = ResponseResult.swift; sourceTree = "<group>"; };
		D13A8F6D24E5992800BB1656 /* Enums.swift */ = {isa = PBXFileReference; lastKnownFileType = sourcecode.swift; path = Enums.swift; sourceTree = "<group>"; };
		D13D626E24E82EF600A3A4A1 /* ChatCVCell.swift */ = {isa = PBXFileReference; lastKnownFileType = sourcecode.swift; path = ChatCVCell.swift; sourceTree = "<group>"; };
		D13D627024E82F9C00A3A4A1 /* Identifier.swift */ = {isa = PBXFileReference; lastKnownFileType = sourcecode.swift; path = Identifier.swift; sourceTree = "<group>"; };
		D13D627224E8316100A3A4A1 /* Font.swift */ = {isa = PBXFileReference; lastKnownFileType = sourcecode.swift; path = Font.swift; sourceTree = "<group>"; };
		D13D627424E83A2D00A3A4A1 /* UIViewController+Extension.swift */ = {isa = PBXFileReference; lastKnownFileType = sourcecode.swift; path = "UIViewController+Extension.swift"; sourceTree = "<group>"; };
		D13D627624E83A4200A3A4A1 /* UITextView+Extension.swift */ = {isa = PBXFileReference; lastKnownFileType = sourcecode.swift; path = "UITextView+Extension.swift"; sourceTree = "<group>"; };
		D13D627824E83A5100A3A4A1 /* UIButton+Extension.swift */ = {isa = PBXFileReference; lastKnownFileType = sourcecode.swift; path = "UIButton+Extension.swift"; sourceTree = "<group>"; };
		D13D627A24E83A6100A3A4A1 /* UIView+Extension.swift */ = {isa = PBXFileReference; lastKnownFileType = sourcecode.swift; path = "UIView+Extension.swift"; sourceTree = "<group>"; };
		D13D627C24E83A7700A3A4A1 /* Date+Extension.swift */ = {isa = PBXFileReference; lastKnownFileType = sourcecode.swift; path = "Date+Extension.swift"; sourceTree = "<group>"; };
		D13D627E24E83A8500A3A4A1 /* UITableView+Extension.swift */ = {isa = PBXFileReference; lastKnownFileType = sourcecode.swift; path = "UITableView+Extension.swift"; sourceTree = "<group>"; };
		D13D628024E83A9A00A3A4A1 /* String+Extension.swift */ = {isa = PBXFileReference; lastKnownFileType = sourcecode.swift; path = "String+Extension.swift"; sourceTree = "<group>"; };
		D13D628224E83AB300A3A4A1 /* UITabbar+Extension.swift */ = {isa = PBXFileReference; lastKnownFileType = sourcecode.swift; path = "UITabbar+Extension.swift"; sourceTree = "<group>"; };
		D13D628424E8403700A3A4A1 /* UIColor+Extension.swift */ = {isa = PBXFileReference; lastKnownFileType = sourcecode.swift; path = "UIColor+Extension.swift"; sourceTree = "<group>"; };
		D16EEE4024EBF8C000D0994F /* Spinner.swift */ = {isa = PBXFileReference; lastKnownFileType = sourcecode.swift; path = Spinner.swift; sourceTree = "<group>"; };
		D16EEE4224EBF93B00D0994F /* chat.json */ = {isa = PBXFileReference; lastKnownFileType = text.json; path = chat.json; sourceTree = "<group>"; };
		D16EEE4424EBFB0800D0994F /* MyChatCVCell.swift */ = {isa = PBXFileReference; lastKnownFileType = sourcecode.swift; path = MyChatCVCell.swift; sourceTree = "<group>"; };
		D174F1A124EC5DCE0095DEB6 /* SearchResultTVCell.swift */ = {isa = PBXFileReference; lastKnownFileType = sourcecode.swift; path = SearchResultTVCell.swift; sourceTree = "<group>"; };
		D1AD278F24EC5E2A00B32D32 /* SearchResultTVCell.xib */ = {isa = PBXFileReference; lastKnownFileType = file.xib; path = SearchResultTVCell.xib; sourceTree = "<group>"; };
		D1AD279224EC5E6200B32D32 /* SearchEntryMoimVC.swift */ = {isa = PBXFileReference; lastKnownFileType = sourcecode.swift; path = SearchEntryMoimVC.swift; sourceTree = "<group>"; };
		D1AD279424EC5E7A00B32D32 /* SearchNavVC.swift */ = {isa = PBXFileReference; lastKnownFileType = sourcecode.swift; path = SearchNavVC.swift; sourceTree = "<group>"; };
		D1AD279624EC5E8000B32D32 /* SearchResultVC.swift */ = {isa = PBXFileReference; lastKnownFileType = sourcecode.swift; path = SearchResultVC.swift; sourceTree = "<group>"; };
		D1AD279824EC5E8800B32D32 /* SearchVC.swift */ = {isa = PBXFileReference; lastKnownFileType = sourcecode.swift; path = SearchVC.swift; sourceTree = "<group>"; };
		D1C7D53D24F0D7A400C097F8 /* SignUpVC.swift */ = {isa = PBXFileReference; lastKnownFileType = sourcecode.swift; path = SignUpVC.swift; sourceTree = "<group>"; };
		D1E4D92424FA94E000732DB7 /* PreviewView.swift */ = {isa = PBXFileReference; lastKnownFileType = sourcecode.swift; path = PreviewView.swift; sourceTree = "<group>"; };
		D1E4D92624FA94FD00732DB7 /* ProfileView.swift */ = {isa = PBXFileReference; lastKnownFileType = sourcecode.swift; path = ProfileView.swift; sourceTree = "<group>"; };
		D1E4D92924FA9D8700732DB7 /* ProfileTVCell.swift */ = {isa = PBXFileReference; lastKnownFileType = sourcecode.swift; path = ProfileTVCell.swift; sourceTree = "<group>"; };
		F25006EE24F3CA43001F6D3D /* ResultVC.swift */ = {isa = PBXFileReference; lastKnownFileType = sourcecode.swift; path = ResultVC.swift; sourceTree = "<group>"; };
		F25006F224F3DBA0001F6D3D /* ResultTVCell.swift */ = {isa = PBXFileReference; lastKnownFileType = sourcecode.swift; path = ResultTVCell.swift; sourceTree = "<group>"; };
		F25006F324F3DBA0001F6D3D /* ResultTVCell.xib */ = {isa = PBXFileReference; lastKnownFileType = file.xib; path = ResultTVCell.xib; sourceTree = "<group>"; };
		F25006F624F3DBB2001F6D3D /* RecentTVCell.swift */ = {isa = PBXFileReference; lastKnownFileType = sourcecode.swift; path = RecentTVCell.swift; sourceTree = "<group>"; };
		F25006F724F3DBB2001F6D3D /* RecentTVCell.xib */ = {isa = PBXFileReference; lastKnownFileType = file.xib; path = RecentTVCell.xib; sourceTree = "<group>"; };
		F25006FA24F3E4F8001F6D3D /* RecentVC.swift */ = {isa = PBXFileReference; lastKnownFileType = sourcecode.swift; path = RecentVC.swift; sourceTree = "<group>"; };
		F271710524EFC5FE00FDAB01 /* SearchTVCell.swift */ = {isa = PBXFileReference; lastKnownFileType = sourcecode.swift; path = SearchTVCell.swift; sourceTree = "<group>"; };
		F271710624EFC5FE00FDAB01 /* SearchTVCell.xib */ = {isa = PBXFileReference; lastKnownFileType = file.xib; path = SearchTVCell.xib; sourceTree = "<group>"; };
		F271710A24F0157300FDAB01 /* Create.storyboard */ = {isa = PBXFileReference; lastKnownFileType = file.storyboard; path = Create.storyboard; sourceTree = "<group>"; };
		F271710C24F0158200FDAB01 /* CreateVC.swift */ = {isa = PBXFileReference; lastKnownFileType = sourcecode.swift; path = CreateVC.swift; sourceTree = "<group>"; };
		F2B9A1FA24F01AE00069D1D4 /* CreateTVCell.swift */ = {isa = PBXFileReference; lastKnownFileType = sourcecode.swift; path = CreateTVCell.swift; sourceTree = "<group>"; };
		F2B9A1FB24F01AE00069D1D4 /* CreateTVCell.xib */ = {isa = PBXFileReference; lastKnownFileType = file.xib; path = CreateTVCell.xib; sourceTree = "<group>"; };
/* End PBXFileReference section */

/* Begin PBXFrameworksBuildPhase section */
		D13A8F3D24E596E600BB1656 /* Frameworks */ = {
			isa = PBXFrameworksBuildPhase;
			buildActionMask = 2147483647;
			files = (
				27BD6584E85B34ED9777BB28 /* Pods_MARU.framework in Frameworks */,
			);
			runOnlyForDeploymentPostprocessing = 0;
		};
/* End PBXFrameworksBuildPhase section */

/* Begin PBXGroup section */
		2A42F664746118D56AE99867 /* Frameworks */ = {
			isa = PBXGroup;
			children = (
				4A0283DFAEC1206D9D288E29 /* Pods_MARU.framework */,
			);
			name = Frameworks;
			sourceTree = "<group>";
		};
		77FB7D3F24ED999800365E8C /* Cells */ = {
			isa = PBXGroup;
			children = (
				77FB7D4024ED99BF00365E8C /* PopularMeetingCVC.swift */,
				77FB7D4124ED99BF00365E8C /* PopularMeetingCVC.xib */,
				77FB7D4424ED99DF00365E8C /* NewMeetingCVC.swift */,
				77FB7D4524ED99DF00365E8C /* NewMeetingCVC.xib */,
				77FAE03C24F53F6000FB473C /* HeaderVC.swift */,
				77FAE03D24F53F6000FB473C /* HeaderVC.xib */,
				77FAE04024F54B0000FB473C /* HeaderVC + Constraints.swift */,
			);
			path = Cells;
			sourceTree = "<group>";
		};
		A22CC8CA39A60D3DB922EB19 /* Pods */ = {
			isa = PBXGroup;
			children = (
				B9ABED26B94D4A6683BD7F85 /* Pods-MARU.debug.xcconfig */,
				A896AA83EDD3C4B54136B9BD /* Pods-MARU.release.xcconfig */,
			);
			path = Pods;
			sourceTree = "<group>";
		};
		D11D51FC24E59A0900683870 /* ViewControllers */ = {
			isa = PBXGroup;
			children = (
				D11D51FF24E59A3700683870 /* SplashVC.swift */,
			);
			path = ViewControllers;
			sourceTree = "<group>";
		};
		D11D51FE24E59A1300683870 /* Storyboards */ = {
			isa = PBXGroup;
			children = (
				D13A8F5124E596F900BB1656 /* LaunchScreen.storyboard */,
				D11D51FA24E59A0700683870 /* Splash.storyboard */,
			);
			path = Storyboards;
			sourceTree = "<group>";
		};
		D11D520124E59A3B00683870 /* ViewControllers */ = {
			isa = PBXGroup;
			children = (
				D11D520324E59A5F00683870 /* ProfileVC.swift */,
				D1E4D92424FA94E000732DB7 /* PreviewView.swift */,
				D1E4D92624FA94FD00732DB7 /* ProfileView.swift */,
			);
			path = ViewControllers;
			sourceTree = "<group>";
		};
		D11D520224E59A4100683870 /* Storyboards */ = {
			isa = PBXGroup;
			children = (
				D11D51F824E599FE00683870 /* Profile.storyboard */,
			);
			path = Storyboards;
			sourceTree = "<group>";
		};
		D11D520524E59A6300683870 /* Storyboards */ = {
			isa = PBXGroup;
			children = (
				7732D11F24F2F546003C772D /* QuizVC.storyboard */,
			);
			path = Storyboards;
			sourceTree = "<group>";
		};
		D11D520624E59A6800683870 /* ViewControllers */ = {
			isa = PBXGroup;
			children = (
				7732D12124F2F60F003C772D /* QuizVC + Constraints.swift */,
				D11D520724E59A7800683870 /* QuizVC.swift */,
			);
			path = ViewControllers;
			sourceTree = "<group>";
		};
		D11D520924E59A7C00683870 /* ViewControllers */ = {
			isa = PBXGroup;
			children = (
				D11D520B24E59A9500683870 /* MoimVC.swift */,
				7FFA711124ED8A33000C1D33 /* MoimCVCell.swift */,
				7F2778B124F4484100599279 /* UpCarouselFlowLayout.swift */,
			);
			path = ViewControllers;
			sourceTree = "<group>";
		};
		D11D520A24E59A8400683870 /* Storyboards */ = {
			isa = PBXGroup;
			children = (
				D11D51F224E599E700683870 /* Moim.storyboard */,
			);
			path = Storyboards;
			sourceTree = "<group>";
		};
		D11D520D24E59A9800683870 /* ViewContollers */ = {
			isa = PBXGroup;
			children = (
				D11D520F24E59AB000683870 /* ChatVC.swift */,
			);
			path = ViewContollers;
			sourceTree = "<group>";
		};
		D11D520E24E59A9E00683870 /* Storyboards */ = {
			isa = PBXGroup;
			children = (
				D11D51F024E599DD00683870 /* Chat.storyboard */,
			);
			path = Storyboards;
			sourceTree = "<group>";
		};
		D11D521124E59AB300683870 /* ViewControllers */ = {
			isa = PBXGroup;
			children = (
				D13A8F4724E596E700BB1656 /* MainVC.swift */,
				77FB7D3D24ED990200365E8C /* MainVC + Constraints.swift */,
			);
			path = ViewControllers;
			sourceTree = "<group>";
		};
		D11D521224E59ABB00683870 /* Storyboards */ = {
			isa = PBXGroup;
			children = (
				D13A8F4924E596E700BB1656 /* Main.storyboard */,
			);
			path = Storyboards;
			sourceTree = "<group>";
		};
		D11D521324E59B3900683870 /* Login */ = {
			isa = PBXGroup;
			children = (
				D11D521524E59B4100683870 /* Storyboards */,
				D11D521424E59B3C00683870 /* ViewControllers */,
			);
			path = Login;
			sourceTree = "<group>";
		};
		D11D521424E59B3C00683870 /* ViewControllers */ = {
			isa = PBXGroup;
			children = (
				D11D521824E59B6000683870 /* LoginVC.swift */,
				D1C7D53D24F0D7A400C097F8 /* SignUpVC.swift */,
			);
			path = ViewControllers;
			sourceTree = "<group>";
		};
		D11D521524E59B4100683870 /* Storyboards */ = {
			isa = PBXGroup;
			children = (
				D11D521624E59B5000683870 /* Login.storyboard */,
			);
			path = Storyboards;
			sourceTree = "<group>";
		};
		D13A8F3724E596E600BB1656 = {
			isa = PBXGroup;
			children = (
				D13A8F4224E596E700BB1656 /* MARU */,
				D13A8F4124E596E700BB1656 /* Products */,
				A22CC8CA39A60D3DB922EB19 /* Pods */,
				2A42F664746118D56AE99867 /* Frameworks */,
			);
			sourceTree = "<group>";
		};
		D13A8F4124E596E700BB1656 /* Products */ = {
			isa = PBXGroup;
			children = (
				D13A8F4024E596E700BB1656 /* MARU.app */,
			);
			name = Products;
			sourceTree = "<group>";
		};
		D13A8F4224E596E700BB1656 /* MARU */ = {
			isa = PBXGroup;
			children = (
				D13A8F5B24E5984400BB1656 /* Screens */,
				D13A8F5A24E5983E00BB1656 /* Global */,
			);
			path = MARU;
			sourceTree = "<group>";
		};
		D13A8F5A24E5983E00BB1656 /* Global */ = {
			isa = PBXGroup;
			children = (
				D13A8F6424E5989B00BB1656 /* CoreData */,
				D13A8F6324E5989400BB1656 /* Supporting Files */,
				D13A8F6224E5989100BB1656 /* Utils */,
				D13A8F6124E5988400BB1656 /* Services */,
				D13A8F6024E5987B00BB1656 /* Resources */,
				D13A8F5F24E5987200BB1656 /* Models */,
				D13A8F5E24E5985700BB1656 /* App */,
				D13A8F5D24E5984E00BB1656 /* Extensions */,
				D13A8F5C24E5984B00BB1656 /* Enums */,
			);
			path = Global;
			sourceTree = "<group>";
		};
		D13A8F5B24E5984400BB1656 /* Screens */ = {
			isa = PBXGroup;
			children = (
				F271710924F0143E00FDAB01 /* Create */,
				D11D521324E59B3900683870 /* Login */,
				D13A8F7524E5997400BB1656 /* Search */,
				D13A8F7424E5996F00BB1656 /* Splash */,
				D13A8F7624E5997F00BB1656 /* Profile */,
				D13A8F7324E5994700BB1656 /* Quiz */,
				D13A8F7224E5993200BB1656 /* Moim */,
				D13A8F7124E5993000BB1656 /* Chat */,
				D13A8F7024E5992E00BB1656 /* Main */,
				D13A8F6F24E5992A00BB1656 /* Tabbar */,
			);
			path = Screens;
			sourceTree = "<group>";
		};
		D13A8F5C24E5984B00BB1656 /* Enums */ = {
			isa = PBXGroup;
			children = (
				D13A8F6D24E5992800BB1656 /* Enums.swift */,
				D13D627024E82F9C00A3A4A1 /* Identifier.swift */,
				D13D627224E8316100A3A4A1 /* Font.swift */,
			);
			path = Enums;
			sourceTree = "<group>";
		};
		D13A8F5D24E5984E00BB1656 /* Extensions */ = {
			isa = PBXGroup;
			children = (
				D13D627424E83A2D00A3A4A1 /* UIViewController+Extension.swift */,
				D13D627624E83A4200A3A4A1 /* UITextView+Extension.swift */,
				D13D627824E83A5100A3A4A1 /* UIButton+Extension.swift */,
				D13D627A24E83A6100A3A4A1 /* UIView+Extension.swift */,
				D13D627C24E83A7700A3A4A1 /* Date+Extension.swift */,
				D13D627E24E83A8500A3A4A1 /* UITableView+Extension.swift */,
				D13D628024E83A9A00A3A4A1 /* String+Extension.swift */,
				D13D628224E83AB300A3A4A1 /* UITabbar+Extension.swift */,
				D13D628424E8403700A3A4A1 /* UIColor+Extension.swift */,
			);
			path = Extensions;
			sourceTree = "<group>";
		};
		D13A8F5E24E5985700BB1656 /* App */ = {
			isa = PBXGroup;
			children = (
				D13A8F4324E596E700BB1656 /* AppDelegate.swift */,
				D13A8F4524E596E700BB1656 /* SceneDelegate.swift */,
			);
			path = App;
			sourceTree = "<group>";
		};
		D13A8F5F24E5987200BB1656 /* Models */ = {
			isa = PBXGroup;
			children = (
				D13A8F6924E5991700BB1656 /* ResponseResult.swift */,
			);
			path = Models;
			sourceTree = "<group>";
		};
		D13A8F6024E5987B00BB1656 /* Resources */ = {
			isa = PBXGroup;
			children = (
				D13A8F4F24E596F900BB1656 /* Assets.xcassets */,
			);
			path = Resources;
			sourceTree = "<group>";
		};
		D13A8F6124E5988400BB1656 /* Services */ = {
			isa = PBXGroup;
			children = (
				D13A8F6524E5990400BB1656 /* APIConstants.swift */,
				77598B3C24F8072B0095DA5D /* NetworkResult.swift */,
			);
			path = Services;
			sourceTree = "<group>";
		};
		D13A8F6224E5989100BB1656 /* Utils */ = {
			isa = PBXGroup;
			children = (
				D13A8F6724E5990D00BB1656 /* Utils.swift */,
				D16EEE4024EBF8C000D0994F /* Spinner.swift */,
			);
			path = Utils;
			sourceTree = "<group>";
		};
		D13A8F6324E5989400BB1656 /* Supporting Files */ = {
			isa = PBXGroup;
			children = (
				D13A8F5424E596F900BB1656 /* Info.plist */,
			);
			path = "Supporting Files";
			sourceTree = "<group>";
		};
		D13A8F6424E5989B00BB1656 /* CoreData */ = {
			isa = PBXGroup;
			children = (
				D13A8F4C24E596E700BB1656 /* MARU.xcdatamodeld */,
			);
			path = CoreData;
			sourceTree = "<group>";
		};
		D13A8F6F24E5992A00BB1656 /* Tabbar */ = {
			isa = PBXGroup;
			children = (
				D11D51EE24E599D200683870 /* Tabbar.storyboard */,
				D11D521B24E59CBB00683870 /* Tabbar.swift */,
			);
			path = Tabbar;
			sourceTree = "<group>";
		};
		D13A8F7024E5992E00BB1656 /* Main */ = {
			isa = PBXGroup;
			children = (
				77FB7D3F24ED999800365E8C /* Cells */,
				D11D521224E59ABB00683870 /* Storyboards */,
				D11D521124E59AB300683870 /* ViewControllers */,
			);
			path = Main;
			sourceTree = "<group>";
		};
		D13A8F7124E5993000BB1656 /* Chat */ = {
			isa = PBXGroup;
			children = (
				D16EEE4224EBF93B00D0994F /* chat.json */,
				D13D626D24E8245100A3A4A1 /* Cell */,
				D11D520E24E59A9E00683870 /* Storyboards */,
				D11D520D24E59A9800683870 /* ViewContollers */,
			);
			path = Chat;
			sourceTree = "<group>";
		};
		D13A8F7224E5993200BB1656 /* Moim */ = {
			isa = PBXGroup;
			children = (
				D11D520A24E59A8400683870 /* Storyboards */,
				D11D520924E59A7C00683870 /* ViewControllers */,
			);
			path = Moim;
			sourceTree = "<group>";
		};
		D13A8F7324E5994700BB1656 /* Quiz */ = {
			isa = PBXGroup;
			children = (
				D11D520624E59A6800683870 /* ViewControllers */,
				D11D520524E59A6300683870 /* Storyboards */,
			);
			path = Quiz;
			sourceTree = "<group>";
		};
		D13A8F7424E5996F00BB1656 /* Splash */ = {
			isa = PBXGroup;
			children = (
				D11D51FE24E59A1300683870 /* Storyboards */,
				D11D51FC24E59A0900683870 /* ViewControllers */,
			);
			path = Splash;
			sourceTree = "<group>";
		};
		D13A8F7524E5997400BB1656 /* Search */ = {
			isa = PBXGroup;
			children = (
				D1AD279124EC5E5600B32D32 /* ViewControllers */,
				D174F1A024EC5DB00095DEB6 /* Cells */,
				F271711024F015AC00FDAB01 /* Storyboards */,
			);
			path = Search;
			sourceTree = "<group>";
		};
		D13A8F7624E5997F00BB1656 /* Profile */ = {
			isa = PBXGroup;
			children = (
				D1E4D92824FA9D6C00732DB7 /* Cells */,
				D11D520224E59A4100683870 /* Storyboards */,
				D11D520124E59A3B00683870 /* ViewControllers */,
			);
			path = Profile;
			sourceTree = "<group>";
		};
		D13D626D24E8245100A3A4A1 /* Cell */ = {
			isa = PBXGroup;
			children = (
				D13D626E24E82EF600A3A4A1 /* ChatCVCell.swift */,
				D16EEE4424EBFB0800D0994F /* MyChatCVCell.swift */,
			);
			path = Cell;
			sourceTree = "<group>";
		};
		D174F1A024EC5DB00095DEB6 /* Cells */ = {
			isa = PBXGroup;
			children = (
				D174F1A124EC5DCE0095DEB6 /* SearchResultTVCell.swift */,
				D1AD278F24EC5E2A00B32D32 /* SearchResultTVCell.xib */,
				F271710524EFC5FE00FDAB01 /* SearchTVCell.swift */,
				F271710624EFC5FE00FDAB01 /* SearchTVCell.xib */,
			);
			path = Cells;
			sourceTree = "<group>";
		};
		D1AD279124EC5E5600B32D32 /* ViewControllers */ = {
			isa = PBXGroup;
			children = (
				D1AD279224EC5E6200B32D32 /* SearchEntryMoimVC.swift */,
				D1AD279424EC5E7A00B32D32 /* SearchNavVC.swift */,
				D1AD279624EC5E8000B32D32 /* SearchResultVC.swift */,
				D1AD279824EC5E8800B32D32 /* SearchVC.swift */,
			);
			path = ViewControllers;
			sourceTree = "<group>";
		};
		D1E4D92824FA9D6C00732DB7 /* Cells */ = {
			isa = PBXGroup;
			children = (
				D1E4D92924FA9D8700732DB7 /* ProfileTVCell.swift */,
			);
			path = Cells;
			sourceTree = "<group>";
		};
		F271710924F0143E00FDAB01 /* Create */ = {
			isa = PBXGroup;
			children = (
				F271711124F01A5700FDAB01 /* Cells */,
				F271710E24F0158C00FDAB01 /* Storyboards */,
				F271710F24F0159500FDAB01 /* ViewControllers */,
			);
			path = Create;
			sourceTree = "<group>";
		};
		F271710E24F0158C00FDAB01 /* Storyboards */ = {
			isa = PBXGroup;
			children = (
				F271710A24F0157300FDAB01 /* Create.storyboard */,
			);
			path = Storyboards;
			sourceTree = "<group>";
		};
		F271710F24F0159500FDAB01 /* ViewControllers */ = {
			isa = PBXGroup;
			children = (
				F271710C24F0158200FDAB01 /* CreateVC.swift */,
				F25006EE24F3CA43001F6D3D /* ResultVC.swift */,
				F25006FA24F3E4F8001F6D3D /* RecentVC.swift */,
			);
			path = ViewControllers;
			sourceTree = "<group>";
		};
		F271711024F015AC00FDAB01 /* Storyboards */ = {
			isa = PBXGroup;
			children = (
				D11D51F624E599F600683870 /* Search.storyboard */,
			);
			path = Storyboards;
			sourceTree = "<group>";
		};
		F271711124F01A5700FDAB01 /* Cells */ = {
			isa = PBXGroup;
			children = (
				F2B9A1FA24F01AE00069D1D4 /* CreateTVCell.swift */,
				F2B9A1FB24F01AE00069D1D4 /* CreateTVCell.xib */,
				F25006F224F3DBA0001F6D3D /* ResultTVCell.swift */,
				F25006F324F3DBA0001F6D3D /* ResultTVCell.xib */,
				F25006F624F3DBB2001F6D3D /* RecentTVCell.swift */,
				F25006F724F3DBB2001F6D3D /* RecentTVCell.xib */,
			);
			path = Cells;
			sourceTree = "<group>";
		};
/* End PBXGroup section */

/* Begin PBXNativeTarget section */
		D13A8F3F24E596E600BB1656 /* MARU */ = {
			isa = PBXNativeTarget;
			buildConfigurationList = D13A8F5724E596F900BB1656 /* Build configuration list for PBXNativeTarget "MARU" */;
			buildPhases = (
				1E12FFEABD0211B7D19D0878 /* [CP] Check Pods Manifest.lock */,
				D13A8F3C24E596E600BB1656 /* Sources */,
				D13A8F3D24E596E600BB1656 /* Frameworks */,
				D13A8F3E24E596E600BB1656 /* Resources */,
				3ED29AFC057E6469BB373E81 /* [CP] Embed Pods Frameworks */,
			);
			buildRules = (
			);
			dependencies = (
			);
			name = MARU;
			productName = MARU;
			productReference = D13A8F4024E596E700BB1656 /* MARU.app */;
			productType = "com.apple.product-type.application";
		};
/* End PBXNativeTarget section */

/* Begin PBXProject section */
		D13A8F3824E596E600BB1656 /* Project object */ = {
			isa = PBXProject;
			attributes = {
				LastSwiftUpdateCheck = 1160;
				LastUpgradeCheck = 1160;
				ORGANIZATIONNAME = maru;
				TargetAttributes = {
					D13A8F3F24E596E600BB1656 = {
						CreatedOnToolsVersion = 11.6;
					};
				};
			};
			buildConfigurationList = D13A8F3B24E596E600BB1656 /* Build configuration list for PBXProject "MARU" */;
			compatibilityVersion = "Xcode 9.3";
			developmentRegion = en;
			hasScannedForEncodings = 0;
			knownRegions = (
				en,
				Base,
			);
			mainGroup = D13A8F3724E596E600BB1656;
			productRefGroup = D13A8F4124E596E700BB1656 /* Products */;
			projectDirPath = "";
			projectRoot = "";
			targets = (
				D13A8F3F24E596E600BB1656 /* MARU */,
			);
		};
/* End PBXProject section */

/* Begin PBXResourcesBuildPhase section */
		D13A8F3E24E596E600BB1656 /* Resources */ = {
			isa = PBXResourcesBuildPhase;
			buildActionMask = 2147483647;
			files = (
				D11D51F324E599E700683870 /* Moim.storyboard in Resources */,
				7732D12024F2F546003C772D /* QuizVC.storyboard in Resources */,
				F271710824EFC5FE00FDAB01 /* SearchTVCell.xib in Resources */,
				F271710B24F0157300FDAB01 /* Create.storyboard in Resources */,
				F25006F524F3DBA0001F6D3D /* ResultTVCell.xib in Resources */,
				D11D51EF24E599D200683870 /* Tabbar.storyboard in Resources */,
				77FB7D4724ED99DF00365E8C /* NewMeetingCVC.xib in Resources */,
				D1AD279024EC5E2A00B32D32 /* SearchResultTVCell.xib in Resources */,
				F25006F924F3DBB2001F6D3D /* RecentTVCell.xib in Resources */,
				D11D51FB24E59A0700683870 /* Splash.storyboard in Resources */,
				D13A8F5324E596F900BB1656 /* LaunchScreen.storyboard in Resources */,
				77FB7D4324ED99BF00365E8C /* PopularMeetingCVC.xib in Resources */,
				77FAE03F24F53F6000FB473C /* HeaderVC.xib in Resources */,
				D13A8F5024E596F900BB1656 /* Assets.xcassets in Resources */,
				D11D51F124E599DD00683870 /* Chat.storyboard in Resources */,
				D11D51F924E599FE00683870 /* Profile.storyboard in Resources */,
				F2B9A1FD24F01AE00069D1D4 /* CreateTVCell.xib in Resources */,
				D11D51F724E599F600683870 /* Search.storyboard in Resources */,
				D16EEE4324EBF93B00D0994F /* chat.json in Resources */,
				D13A8F4B24E596E700BB1656 /* Main.storyboard in Resources */,
				D11D521724E59B5000683870 /* Login.storyboard in Resources */,
			);
			runOnlyForDeploymentPostprocessing = 0;
		};
/* End PBXResourcesBuildPhase section */

/* Begin PBXShellScriptBuildPhase section */
		1E12FFEABD0211B7D19D0878 /* [CP] Check Pods Manifest.lock */ = {
			isa = PBXShellScriptBuildPhase;
			buildActionMask = 2147483647;
			files = (
			);
			inputFileListPaths = (
			);
			inputPaths = (
				"${PODS_PODFILE_DIR_PATH}/Podfile.lock",
				"${PODS_ROOT}/Manifest.lock",
			);
			name = "[CP] Check Pods Manifest.lock";
			outputFileListPaths = (
			);
			outputPaths = (
				"$(DERIVED_FILE_DIR)/Pods-MARU-checkManifestLockResult.txt",
			);
			runOnlyForDeploymentPostprocessing = 0;
			shellPath = /bin/sh;
			shellScript = "diff \"${PODS_PODFILE_DIR_PATH}/Podfile.lock\" \"${PODS_ROOT}/Manifest.lock\" > /dev/null\nif [ $? != 0 ] ; then\n    # print error to STDERR\n    echo \"error: The sandbox is not in sync with the Podfile.lock. Run 'pod install' or update your CocoaPods installation.\" >&2\n    exit 1\nfi\n# This output is used by Xcode 'outputs' to avoid re-running this script phase.\necho \"SUCCESS\" > \"${SCRIPT_OUTPUT_FILE_0}\"\n";
			showEnvVarsInLog = 0;
		};
		3ED29AFC057E6469BB373E81 /* [CP] Embed Pods Frameworks */ = {
			isa = PBXShellScriptBuildPhase;
			buildActionMask = 2147483647;
			files = (
			);
			inputFileListPaths = (
				"${PODS_ROOT}/Target Support Files/Pods-MARU/Pods-MARU-frameworks-${CONFIGURATION}-input-files.xcfilelist",
			);
			name = "[CP] Embed Pods Frameworks";
			outputFileListPaths = (
				"${PODS_ROOT}/Target Support Files/Pods-MARU/Pods-MARU-frameworks-${CONFIGURATION}-output-files.xcfilelist",
			);
			runOnlyForDeploymentPostprocessing = 0;
			shellPath = /bin/sh;
			shellScript = "\"${PODS_ROOT}/Target Support Files/Pods-MARU/Pods-MARU-frameworks.sh\"\n";
			showEnvVarsInLog = 0;
		};
/* End PBXShellScriptBuildPhase section */

/* Begin PBXSourcesBuildPhase section */
		D13A8F3C24E596E600BB1656 /* Sources */ = {
			isa = PBXSourcesBuildPhase;
			buildActionMask = 2147483647;
			files = (
				D1AD279524EC5E7A00B32D32 /* SearchNavVC.swift in Sources */,
				F25006F824F3DBB2001F6D3D /* RecentTVCell.swift in Sources */,
				F25006FB24F3E4F8001F6D3D /* RecentVC.swift in Sources */,
				D13D627B24E83A6100A3A4A1 /* UIView+Extension.swift in Sources */,
				D13A8F4824E596E700BB1656 /* MainVC.swift in Sources */,
				7F2778B224F4484100599279 /* UpCarouselFlowLayout.swift in Sources */,
				D13A8F4824E596E700BB1656 /* MainVC.swift in Sources */,
				D11D520C24E59A9500683870 /* MoimVC.swift in Sources */,
				D13D628524E8403700A3A4A1 /* UIColor+Extension.swift in Sources */,
				7FFA711224ED8A33000C1D33 /* MoimCVCell.swift in Sources */,
				D174F1A224EC5DCE0095DEB6 /* SearchResultTVCell.swift in Sources */,
				D1E4D92524FA94E000732DB7 /* PreviewView.swift in Sources */,
				7732D12224F2F60F003C772D /* QuizVC + Constraints.swift in Sources */,
				D16EEE4124EBF8C000D0994F /* Spinner.swift in Sources */,
				D11D520824E59A7800683870 /* QuizVC.swift in Sources */,
				D13D627724E83A4200A3A4A1 /* UITextView+Extension.swift in Sources */,
				F25006F424F3DBA0001F6D3D /* ResultTVCell.swift in Sources */,
				77FAE03E24F53F6000FB473C /* HeaderVC.swift in Sources */,
				D11D521C24E59CBB00683870 /* Tabbar.swift in Sources */,
				F271710D24F0158200FDAB01 /* CreateVC.swift in Sources */,
				77598B3D24F8072B0095DA5D /* NetworkResult.swift in Sources */,
				D1E4D92A24FA9D8700732DB7 /* ProfileTVCell.swift in Sources */,
				D13D627D24E83A7700A3A4A1 /* Date+Extension.swift in Sources */,
				D13D628324E83AB300A3A4A1 /* UITabbar+Extension.swift in Sources */,
				D13D627324E8316100A3A4A1 /* Font.swift in Sources */,
				F271710724EFC5FE00FDAB01 /* SearchTVCell.swift in Sources */,
				D13D628124E83A9A00A3A4A1 /* String+Extension.swift in Sources */,
				77FB7D4224ED99BF00365E8C /* PopularMeetingCVC.swift in Sources */,
				D11D520024E59A3700683870 /* SplashVC.swift in Sources */,
				D1E4D92724FA94FE00732DB7 /* ProfileView.swift in Sources */,
				D13A8F6624E5990400BB1656 /* APIConstants.swift in Sources */,
				77FB7D3E24ED990300365E8C /* MainVC + Constraints.swift in Sources */,
				D13A8F4424E596E700BB1656 /* AppDelegate.swift in Sources */,
				D13D627524E83A2D00A3A4A1 /* UIViewController+Extension.swift in Sources */,
				D13A8F4E24E596E700BB1656 /* MARU.xcdatamodeld in Sources */,
				D11D521024E59AB000683870 /* ChatVC.swift in Sources */,
				D16EEE4524EBFB0800D0994F /* MyChatCVCell.swift in Sources */,
				F25006EF24F3CA43001F6D3D /* ResultVC.swift in Sources */,
				D13D627124E82F9C00A3A4A1 /* Identifier.swift in Sources */,
				D13D626F24E82EF600A3A4A1 /* ChatCVCell.swift in Sources */,
				F2B9A1FC24F01AE00069D1D4 /* CreateTVCell.swift in Sources */,
				D1AD279324EC5E6200B32D32 /* SearchEntryMoimVC.swift in Sources */,
				D13A8F4624E596E700BB1656 /* SceneDelegate.swift in Sources */,
				D13A8F6824E5990D00BB1656 /* Utils.swift in Sources */,
				D13A8F6E24E5992800BB1656 /* Enums.swift in Sources */,
				77FB7D4624ED99DF00365E8C /* NewMeetingCVC.swift in Sources */,
				D1AD279724EC5E8000B32D32 /* SearchResultVC.swift in Sources */,
				D1C7D53E24F0D7A400C097F8 /* SignUpVC.swift in Sources */,
				D11D520424E59A5F00683870 /* ProfileVC.swift in Sources */,
				D13A8F6A24E5991700BB1656 /* ResponseResult.swift in Sources */,
				D11D521924E59B6000683870 /* LoginVC.swift in Sources */,
				77FAE04124F54B0000FB473C /* HeaderVC + Constraints.swift in Sources */,
				D13D627924E83A5100A3A4A1 /* UIButton+Extension.swift in Sources */,
				D1AD279924EC5E8800B32D32 /* SearchVC.swift in Sources */,
				D13D627F24E83A8500A3A4A1 /* UITableView+Extension.swift in Sources */,
			);
			runOnlyForDeploymentPostprocessing = 0;
		};
/* End PBXSourcesBuildPhase section */

/* Begin PBXVariantGroup section */
		D13A8F4924E596E700BB1656 /* Main.storyboard */ = {
			isa = PBXVariantGroup;
			children = (
				D13A8F4A24E596E700BB1656 /* Base */,
			);
			name = Main.storyboard;
			sourceTree = "<group>";
		};
		D13A8F5124E596F900BB1656 /* LaunchScreen.storyboard */ = {
			isa = PBXVariantGroup;
			children = (
				D13A8F5224E596F900BB1656 /* Base */,
			);
			name = LaunchScreen.storyboard;
			sourceTree = "<group>";
		};
/* End PBXVariantGroup section */

/* Begin XCBuildConfiguration section */
		D13A8F5524E596F900BB1656 /* Debug */ = {
			isa = XCBuildConfiguration;
			buildSettings = {
				ALWAYS_SEARCH_USER_PATHS = NO;
				CLANG_ANALYZER_NONNULL = YES;
				CLANG_ANALYZER_NUMBER_OBJECT_CONVERSION = YES_AGGRESSIVE;
				CLANG_CXX_LANGUAGE_STANDARD = "gnu++14";
				CLANG_CXX_LIBRARY = "libc++";
				CLANG_ENABLE_MODULES = YES;
				CLANG_ENABLE_OBJC_ARC = YES;
				CLANG_ENABLE_OBJC_WEAK = YES;
				CLANG_WARN_BLOCK_CAPTURE_AUTORELEASING = YES;
				CLANG_WARN_BOOL_CONVERSION = YES;
				CLANG_WARN_COMMA = YES;
				CLANG_WARN_CONSTANT_CONVERSION = YES;
				CLANG_WARN_DEPRECATED_OBJC_IMPLEMENTATIONS = YES;
				CLANG_WARN_DIRECT_OBJC_ISA_USAGE = YES_ERROR;
				CLANG_WARN_DOCUMENTATION_COMMENTS = YES;
				CLANG_WARN_EMPTY_BODY = YES;
				CLANG_WARN_ENUM_CONVERSION = YES;
				CLANG_WARN_INFINITE_RECURSION = YES;
				CLANG_WARN_INT_CONVERSION = YES;
				CLANG_WARN_NON_LITERAL_NULL_CONVERSION = YES;
				CLANG_WARN_OBJC_IMPLICIT_RETAIN_SELF = YES;
				CLANG_WARN_OBJC_LITERAL_CONVERSION = YES;
				CLANG_WARN_OBJC_ROOT_CLASS = YES_ERROR;
				CLANG_WARN_RANGE_LOOP_ANALYSIS = YES;
				CLANG_WARN_STRICT_PROTOTYPES = YES;
				CLANG_WARN_SUSPICIOUS_MOVE = YES;
				CLANG_WARN_UNGUARDED_AVAILABILITY = YES_AGGRESSIVE;
				CLANG_WARN_UNREACHABLE_CODE = YES;
				CLANG_WARN__DUPLICATE_METHOD_MATCH = YES;
				COPY_PHASE_STRIP = NO;
				DEBUG_INFORMATION_FORMAT = dwarf;
				ENABLE_STRICT_OBJC_MSGSEND = YES;
				ENABLE_TESTABILITY = YES;
				GCC_C_LANGUAGE_STANDARD = gnu11;
				GCC_DYNAMIC_NO_PIC = NO;
				GCC_NO_COMMON_BLOCKS = YES;
				GCC_OPTIMIZATION_LEVEL = 0;
				GCC_PREPROCESSOR_DEFINITIONS = (
					"DEBUG=1",
					"$(inherited)",
				);
				GCC_WARN_64_TO_32_BIT_CONVERSION = YES;
				GCC_WARN_ABOUT_RETURN_TYPE = YES_ERROR;
				GCC_WARN_UNDECLARED_SELECTOR = YES;
				GCC_WARN_UNINITIALIZED_AUTOS = YES_AGGRESSIVE;
				GCC_WARN_UNUSED_FUNCTION = YES;
				GCC_WARN_UNUSED_VARIABLE = YES;
				IPHONEOS_DEPLOYMENT_TARGET = 13.0;
				MTL_ENABLE_DEBUG_INFO = INCLUDE_SOURCE;
				MTL_FAST_MATH = YES;
				ONLY_ACTIVE_ARCH = YES;
				SDKROOT = iphoneos;
				SWIFT_ACTIVE_COMPILATION_CONDITIONS = DEBUG;
				SWIFT_OPTIMIZATION_LEVEL = "-Onone";
			};
			name = Debug;
		};
		D13A8F5624E596F900BB1656 /* Release */ = {
			isa = XCBuildConfiguration;
			buildSettings = {
				ALWAYS_SEARCH_USER_PATHS = NO;
				CLANG_ANALYZER_NONNULL = YES;
				CLANG_ANALYZER_NUMBER_OBJECT_CONVERSION = YES_AGGRESSIVE;
				CLANG_CXX_LANGUAGE_STANDARD = "gnu++14";
				CLANG_CXX_LIBRARY = "libc++";
				CLANG_ENABLE_MODULES = YES;
				CLANG_ENABLE_OBJC_ARC = YES;
				CLANG_ENABLE_OBJC_WEAK = YES;
				CLANG_WARN_BLOCK_CAPTURE_AUTORELEASING = YES;
				CLANG_WARN_BOOL_CONVERSION = YES;
				CLANG_WARN_COMMA = YES;
				CLANG_WARN_CONSTANT_CONVERSION = YES;
				CLANG_WARN_DEPRECATED_OBJC_IMPLEMENTATIONS = YES;
				CLANG_WARN_DIRECT_OBJC_ISA_USAGE = YES_ERROR;
				CLANG_WARN_DOCUMENTATION_COMMENTS = YES;
				CLANG_WARN_EMPTY_BODY = YES;
				CLANG_WARN_ENUM_CONVERSION = YES;
				CLANG_WARN_INFINITE_RECURSION = YES;
				CLANG_WARN_INT_CONVERSION = YES;
				CLANG_WARN_NON_LITERAL_NULL_CONVERSION = YES;
				CLANG_WARN_OBJC_IMPLICIT_RETAIN_SELF = YES;
				CLANG_WARN_OBJC_LITERAL_CONVERSION = YES;
				CLANG_WARN_OBJC_ROOT_CLASS = YES_ERROR;
				CLANG_WARN_RANGE_LOOP_ANALYSIS = YES;
				CLANG_WARN_STRICT_PROTOTYPES = YES;
				CLANG_WARN_SUSPICIOUS_MOVE = YES;
				CLANG_WARN_UNGUARDED_AVAILABILITY = YES_AGGRESSIVE;
				CLANG_WARN_UNREACHABLE_CODE = YES;
				CLANG_WARN__DUPLICATE_METHOD_MATCH = YES;
				COPY_PHASE_STRIP = NO;
				DEBUG_INFORMATION_FORMAT = "dwarf-with-dsym";
				ENABLE_NS_ASSERTIONS = NO;
				ENABLE_STRICT_OBJC_MSGSEND = YES;
				GCC_C_LANGUAGE_STANDARD = gnu11;
				GCC_NO_COMMON_BLOCKS = YES;
				GCC_WARN_64_TO_32_BIT_CONVERSION = YES;
				GCC_WARN_ABOUT_RETURN_TYPE = YES_ERROR;
				GCC_WARN_UNDECLARED_SELECTOR = YES;
				GCC_WARN_UNINITIALIZED_AUTOS = YES_AGGRESSIVE;
				GCC_WARN_UNUSED_FUNCTION = YES;
				GCC_WARN_UNUSED_VARIABLE = YES;
				IPHONEOS_DEPLOYMENT_TARGET = 13.0;
				MTL_ENABLE_DEBUG_INFO = NO;
				MTL_FAST_MATH = YES;
				SDKROOT = iphoneos;
				SWIFT_COMPILATION_MODE = wholemodule;
				SWIFT_OPTIMIZATION_LEVEL = "-O";
				VALIDATE_PRODUCT = YES;
			};
			name = Release;
		};
		D13A8F5824E596F900BB1656 /* Debug */ = {
			isa = XCBuildConfiguration;
			baseConfigurationReference = B9ABED26B94D4A6683BD7F85 /* Pods-MARU.debug.xcconfig */;
			buildSettings = {
				ASSETCATALOG_COMPILER_APPICON_NAME = AppIcon;
				CODE_SIGN_STYLE = Automatic;
				CURRENT_PROJECT_VERSION = 1;
				DEVELOPMENT_TEAM = 36BC59Q598;
				INFOPLIST_FILE = "MARU/Global/Supporting Files/Info.plist";
				IPHONEOS_DEPLOYMENT_TARGET = 13.0;
				LD_RUNPATH_SEARCH_PATHS = (
					"$(inherited)",
					"@executable_path/Frameworks",
				);
				MARKETING_VERSION = 1.0.0;
				PRODUCT_BUNDLE_IDENTIFIER = kr.maru.MARU;
				PRODUCT_NAME = "$(TARGET_NAME)";
				SWIFT_VERSION = 5.0;
				TARGETED_DEVICE_FAMILY = 1;
			};
			name = Debug;
		};
		D13A8F5924E596F900BB1656 /* Release */ = {
			isa = XCBuildConfiguration;
			baseConfigurationReference = A896AA83EDD3C4B54136B9BD /* Pods-MARU.release.xcconfig */;
			buildSettings = {
				ASSETCATALOG_COMPILER_APPICON_NAME = AppIcon;
				CODE_SIGN_STYLE = Automatic;
				CURRENT_PROJECT_VERSION = 1;
				DEVELOPMENT_TEAM = 36BC59Q598;
				INFOPLIST_FILE = "MARU/Global/Supporting Files/Info.plist";
				IPHONEOS_DEPLOYMENT_TARGET = 13.0;
				LD_RUNPATH_SEARCH_PATHS = (
					"$(inherited)",
					"@executable_path/Frameworks",
				);
				MARKETING_VERSION = 1.0.0;
				PRODUCT_BUNDLE_IDENTIFIER = kr.maru.MARU;
				PRODUCT_NAME = "$(TARGET_NAME)";
				SWIFT_VERSION = 5.0;
				TARGETED_DEVICE_FAMILY = 1;
			};
			name = Release;
		};
/* End XCBuildConfiguration section */

/* Begin XCConfigurationList section */
		D13A8F3B24E596E600BB1656 /* Build configuration list for PBXProject "MARU" */ = {
			isa = XCConfigurationList;
			buildConfigurations = (
				D13A8F5524E596F900BB1656 /* Debug */,
				D13A8F5624E596F900BB1656 /* Release */,
			);
			defaultConfigurationIsVisible = 0;
			defaultConfigurationName = Release;
		};
		D13A8F5724E596F900BB1656 /* Build configuration list for PBXNativeTarget "MARU" */ = {
			isa = XCConfigurationList;
			buildConfigurations = (
				D13A8F5824E596F900BB1656 /* Debug */,
				D13A8F5924E596F900BB1656 /* Release */,
			);
			defaultConfigurationIsVisible = 0;
			defaultConfigurationName = Release;
		};
/* End XCConfigurationList section */

/* Begin XCVersionGroup section */
		D13A8F4C24E596E700BB1656 /* MARU.xcdatamodeld */ = {
			isa = XCVersionGroup;
			children = (
				D13A8F4D24E596E700BB1656 /* MARU.xcdatamodel */,
			);
			currentVersion = D13A8F4D24E596E700BB1656 /* MARU.xcdatamodel */;
			path = MARU.xcdatamodeld;
			sourceTree = "<group>";
			versionGroupType = wrapper.xcdatamodel;
		};
/* End XCVersionGroup section */
	};
	rootObject = D13A8F3824E596E600BB1656 /* Project object */;
}
